
Microsoft Visual Studio Solution File, Format Version 12.00
# Visual Studio Version 17
VisualStudioVersion = 17.9.34723.18
MinimumVisualStudioVersion = 10.0.40219.1
Project("{8BC9CEB8-8B4A-11D0-8D11-00A0C91BC942}") = "CWShiftsToLetters", "CWShiftsToLetters\CWShiftsToLetters.vcxproj", "{6E0E1005-A9C8-4BA6-9FC3-D81E9161834C}"
EndProject
Global
	GlobalSection(SolutionConfigurationPlatforms) = preSolution
		Debug|x64 = Debug|x64
		Debug|x86 = Debug|x86
		Release|x64 = Release|x64
		Release|x86 = Release|x86
	EndGlobalSection
	GlobalSection(ProjectConfigurationPlatforms) = postSolution
		{6E0E1005-A9C8-4BA6-9FC3-D81E9161834C}.Debug|x64.ActiveCfg = Debug|x64
		{6E0E1005-A9C8-4BA6-9FC3-D81E9161834C}.Debug|x64.Build.0 = Debug|x64
		{6E0E1005-A9C8-4BA6-9FC3-D81E9161834C}.Debug|x86.ActiveCfg = Debug|Win32
		{6E0E1005-A9C8-4BA6-9FC3-D81E9161834C}.Debug|x86.Build.0 = Debug|Win32
		{6E0E1005-A9C8-4BA6-9FC3-D81E9161834C}.Release|x64.ActiveCfg = Release|x64
		{6E0E1005-A9C8-4BA6-9FC3-D81E9161834C}.Release|x64.Build.0 = Release|x64
		{6E0E1005-A9C8-4BA6-9FC3-D81E9161834C}.Release|x86.ActiveCfg = Release|Win32
		{6E0E1005-A9C8-4BA6-9FC3-D81E9161834C}.Release|x86.Build.0 = Release|Win32
	EndGlobalSection
	GlobalSection(SolutionProperties) = preSolution
		HideSolutionNode = FALSE
	EndGlobalSection
	GlobalSection(ExtensibilityGlobals) = postSolution
		SolutionGuid = {D1335A15-E792-4B90-99DA-2DA556B106C3}
	EndGlobalSection
EndGlobal
